// !$*UTF8*$!
{
	archiveVersion = 1;
	classes = {
	};
	objectVersion = 50;
	objects = {

/* Begin PBXBuildFile section */
		BD05685824C15CD100F75BC5 /* HashableAndSelf.swift in Sources */ = {isa = PBXBuildFile; fileRef = BD05685724C15CD100F75BC5 /* HashableAndSelf.swift */; };
		BD05685B24C15D8D00F75BC5 /* Movie+CoreDataClass.swift in Sources */ = {isa = PBXBuildFile; fileRef = BD05685924C15D8D00F75BC5 /* Movie+CoreDataClass.swift */; };
		BD05685C24C15D8D00F75BC5 /* Movie+CoreDataProperties.swift in Sources */ = {isa = PBXBuildFile; fileRef = BD05685A24C15D8D00F75BC5 /* Movie+CoreDataProperties.swift */; };
		BD05685E24C15FBC00F75BC5 /* ConditionalMOCSaving.swift in Sources */ = {isa = PBXBuildFile; fileRef = BD05685D24C15FBC00F75BC5 /* ConditionalMOCSaving.swift */; };
		BD05686024C162CE00F75BC5 /* CoreDataConstraints.swift in Sources */ = {isa = PBXBuildFile; fileRef = BD05685F24C162CE00F75BC5 /* CoreDataConstraints.swift */; };
		BD0DDE1B24C945BE000E065F /* FilteringWithNSPredicate.swift in Sources */ = {isa = PBXBuildFile; fileRef = BD0DDE1A24C945BE000E065F /* FilteringWithNSPredicate.swift */; };
		BD0DDE1E24C94691000E065F /* Singer+CoreDataClass.swift in Sources */ = {isa = PBXBuildFile; fileRef = BD0DDE1C24C94691000E065F /* Singer+CoreDataClass.swift */; };
		BD0DDE1F24C94691000E065F /* Singer+CoreDataProperties.swift in Sources */ = {isa = PBXBuildFile; fileRef = BD0DDE1D24C94691000E065F /* Singer+CoreDataProperties.swift */; };
		BD0DDE2124C94730000E065F /* FilteredList.swift in Sources */ = {isa = PBXBuildFile; fileRef = BD0DDE2024C94730000E065F /* FilteredList.swift */; };
		BD0DDE2324C94A9A000E065F /* DynamicFiltering.swift in Sources */ = {isa = PBXBuildFile; fileRef = BD0DDE2224C94A9A000E065F /* DynamicFiltering.swift */; };
		BD0DDE2824C94C41000E065F /* Country+CoreDataClass.swift in Sources */ = {isa = PBXBuildFile; fileRef = BD0DDE2424C94C41000E065F /* Country+CoreDataClass.swift */; };
		BD0DDE2924C94C41000E065F /* Country+CoreDataProperties.swift in Sources */ = {isa = PBXBuildFile; fileRef = BD0DDE2524C94C41000E065F /* Country+CoreDataProperties.swift */; };
		BD0DDE2A24C94C41000E065F /* Candy+CoreDataClass.swift in Sources */ = {isa = PBXBuildFile; fileRef = BD0DDE2624C94C41000E065F /* Candy+CoreDataClass.swift */; };
		BD0DDE2B24C94C41000E065F /* Candy+CoreDataProperties.swift in Sources */ = {isa = PBXBuildFile; fileRef = BD0DDE2724C94C41000E065F /* Candy+CoreDataProperties.swift */; };
		BDC4283824C1597400A8ECF9 /* AppDelegate.swift in Sources */ = {isa = PBXBuildFile; fileRef = BDC4283724C1597400A8ECF9 /* AppDelegate.swift */; };
		BDC4283A24C1597400A8ECF9 /* SceneDelegate.swift in Sources */ = {isa = PBXBuildFile; fileRef = BDC4283924C1597400A8ECF9 /* SceneDelegate.swift */; };
		BDC4283D24C1597400A8ECF9 /* CoreDataProject.xcdatamodeld in Sources */ = {isa = PBXBuildFile; fileRef = BDC4283B24C1597400A8ECF9 /* CoreDataProject.xcdatamodeld */; };
		BDC4283F24C1597400A8ECF9 /* ContentView.swift in Sources */ = {isa = PBXBuildFile; fileRef = BDC4283E24C1597400A8ECF9 /* ContentView.swift */; };
		BDC4284124C1597700A8ECF9 /* Assets.xcassets in Resources */ = {isa = PBXBuildFile; fileRef = BDC4284024C1597700A8ECF9 /* Assets.xcassets */; };
		BDC4284424C1597700A8ECF9 /* Preview Assets.xcassets in Resources */ = {isa = PBXBuildFile; fileRef = BDC4284324C1597700A8ECF9 /* Preview Assets.xcassets */; };
		BDC4284724C1597700A8ECF9 /* LaunchScreen.storyboard in Resources */ = {isa = PBXBuildFile; fileRef = BDC4284524C1597700A8ECF9 /* LaunchScreen.storyboard */; };
		BDEE79B524D78BC20028C24C /* CountriesAndCandy.swift in Sources */ = {isa = PBXBuildFile; fileRef = BDEE79B424D78BC20028C24C /* CountriesAndCandy.swift */; };
/* End PBXBuildFile section */

/* Begin PBXFileReference section */
		BD05685724C15CD100F75BC5 /* HashableAndSelf.swift */ = {isa = PBXFileReference; lastKnownFileType = sourcecode.swift; path = HashableAndSelf.swift; sourceTree = "<group>"; };
		BD05685924C15D8D00F75BC5 /* Movie+CoreDataClass.swift */ = {isa = PBXFileReference; lastKnownFileType = sourcecode.swift; path = "Movie+CoreDataClass.swift"; sourceTree = "<group>"; };
		BD05685A24C15D8D00F75BC5 /* Movie+CoreDataProperties.swift */ = {isa = PBXFileReference; lastKnownFileType = sourcecode.swift; path = "Movie+CoreDataProperties.swift"; sourceTree = "<group>"; };
		BD05685D24C15FBC00F75BC5 /* ConditionalMOCSaving.swift */ = {isa = PBXFileReference; lastKnownFileType = sourcecode.swift; path = ConditionalMOCSaving.swift; sourceTree = "<group>"; };
		BD05685F24C162CE00F75BC5 /* CoreDataConstraints.swift */ = {isa = PBXFileReference; lastKnownFileType = sourcecode.swift; path = CoreDataConstraints.swift; sourceTree = "<group>"; };
		BD0DDE1A24C945BE000E065F /* FilteringWithNSPredicate.swift */ = {isa = PBXFileReference; lastKnownFileType = sourcecode.swift; path = FilteringWithNSPredicate.swift; sourceTree = "<group>"; };
		BD0DDE1C24C94691000E065F /* Singer+CoreDataClass.swift */ = {isa = PBXFileReference; lastKnownFileType = sourcecode.swift; path = "Singer+CoreDataClass.swift"; sourceTree = "<group>"; };
		BD0DDE1D24C94691000E065F /* Singer+CoreDataProperties.swift */ = {isa = PBXFileReference; lastKnownFileType = sourcecode.swift; path = "Singer+CoreDataProperties.swift"; sourceTree = "<group>"; };
		BD0DDE2024C94730000E065F /* FilteredList.swift */ = {isa = PBXFileReference; lastKnownFileType = sourcecode.swift; path = FilteredList.swift; sourceTree = "<group>"; };
		BD0DDE2224C94A9A000E065F /* DynamicFiltering.swift */ = {isa = PBXFileReference; lastKnownFileType = sourcecode.swift; path = DynamicFiltering.swift; sourceTree = "<group>"; };
		BD0DDE2424C94C41000E065F /* Country+CoreDataClass.swift */ = {isa = PBXFileReference; lastKnownFileType = sourcecode.swift; path = "Country+CoreDataClass.swift"; sourceTree = "<group>"; };
		BD0DDE2524C94C41000E065F /* Country+CoreDataProperties.swift */ = {isa = PBXFileReference; lastKnownFileType = sourcecode.swift; path = "Country+CoreDataProperties.swift"; sourceTree = "<group>"; };
		BD0DDE2624C94C41000E065F /* Candy+CoreDataClass.swift */ = {isa = PBXFileReference; lastKnownFileType = sourcecode.swift; path = "Candy+CoreDataClass.swift"; sourceTree = "<group>"; };
		BD0DDE2724C94C41000E065F /* Candy+CoreDataProperties.swift */ = {isa = PBXFileReference; lastKnownFileType = sourcecode.swift; path = "Candy+CoreDataProperties.swift"; sourceTree = "<group>"; };
		BDC4283424C1597400A8ECF9 /* CoreDataProject.app */ = {isa = PBXFileReference; explicitFileType = wrapper.application; includeInIndex = 0; path = CoreDataProject.app; sourceTree = BUILT_PRODUCTS_DIR; };
		BDC4283724C1597400A8ECF9 /* AppDelegate.swift */ = {isa = PBXFileReference; lastKnownFileType = sourcecode.swift; path = AppDelegate.swift; sourceTree = "<group>"; };
		BDC4283924C1597400A8ECF9 /* SceneDelegate.swift */ = {isa = PBXFileReference; lastKnownFileType = sourcecode.swift; path = SceneDelegate.swift; sourceTree = "<group>"; };
		BDC4283C24C1597400A8ECF9 /* CoreDataProject.xcdatamodel */ = {isa = PBXFileReference; lastKnownFileType = wrapper.xcdatamodel; path = CoreDataProject.xcdatamodel; sourceTree = "<group>"; };
		BDC4283E24C1597400A8ECF9 /* ContentView.swift */ = {isa = PBXFileReference; lastKnownFileType = sourcecode.swift; path = ContentView.swift; sourceTree = "<group>"; };
		BDC4284024C1597700A8ECF9 /* Assets.xcassets */ = {isa = PBXFileReference; lastKnownFileType = folder.assetcatalog; path = Assets.xcassets; sourceTree = "<group>"; };
		BDC4284324C1597700A8ECF9 /* Preview Assets.xcassets */ = {isa = PBXFileReference; lastKnownFileType = folder.assetcatalog; path = "Preview Assets.xcassets"; sourceTree = "<group>"; };
		BDC4284624C1597700A8ECF9 /* Base */ = {isa = PBXFileReference; lastKnownFileType = file.storyboard; name = Base; path = Base.lproj/LaunchScreen.storyboard; sourceTree = "<group>"; };
		BDC4284824C1597700A8ECF9 /* Info.plist */ = {isa = PBXFileReference; lastKnownFileType = text.plist.xml; path = Info.plist; sourceTree = "<group>"; };
		BDEE79B424D78BC20028C24C /* CountriesAndCandy.swift */ = {isa = PBXFileReference; lastKnownFileType = sourcecode.swift; path = CountriesAndCandy.swift; sourceTree = "<group>"; };
/* End PBXFileReference section */

/* Begin PBXFrameworksBuildPhase section */
		BDC4283124C1597400A8ECF9 /* Frameworks */ = {
			isa = PBXFrameworksBuildPhase;
			buildActionMask = 2147483647;
			files = (
			);
			runOnlyForDeploymentPostprocessing = 0;
		};
/* End PBXFrameworksBuildPhase section */

/* Begin PBXGroup section */
		BD05685624C15A3F00F75BC5 /* Introduction */ = {
			isa = PBXGroup;
			children = (
				BDEE79B424D78BC20028C24C /* CountriesAndCandy.swift */,
				BD0DDE2424C94C41000E065F /* Country+CoreDataClass.swift */,
				BD0DDE2524C94C41000E065F /* Country+CoreDataProperties.swift */,
				BD0DDE2624C94C41000E065F /* Candy+CoreDataClass.swift */,
				BD0DDE2724C94C41000E065F /* Candy+CoreDataProperties.swift */,
				BD05685724C15CD100F75BC5 /* HashableAndSelf.swift */,
				BD05685D24C15FBC00F75BC5 /* ConditionalMOCSaving.swift */,
				BD05685924C15D8D00F75BC5 /* Movie+CoreDataClass.swift */,
				BD05685A24C15D8D00F75BC5 /* Movie+CoreDataProperties.swift */,
				BD0DDE1A24C945BE000E065F /* FilteringWithNSPredicate.swift */,
				BD0DDE1C24C94691000E065F /* Singer+CoreDataClass.swift */,
				BD0DDE1D24C94691000E065F /* Singer+CoreDataProperties.swift */,
			);
			path = Introduction;
			sourceTree = "<group>";
		};
		BDC4282B24C1597400A8ECF9 = {
			isa = PBXGroup;
			children = (
				BDC4283624C1597400A8ECF9 /* CoreDataProject */,
				BDC4283524C1597400A8ECF9 /* Products */,
			);
			sourceTree = "<group>";
		};
		BDC4283524C1597400A8ECF9 /* Products */ = {
			isa = PBXGroup;
			children = (
				BDC4283424C1597400A8ECF9 /* CoreDataProject.app */,
			);
			name = Products;
			sourceTree = "<group>";
		};
		BDC4283624C1597400A8ECF9 /* CoreDataProject */ = {
			isa = PBXGroup;
			children = (
				BDC4283724C1597400A8ECF9 /* AppDelegate.swift */,
				BDC4283924C1597400A8ECF9 /* SceneDelegate.swift */,
				BDC4283E24C1597400A8ECF9 /* ContentView.swift */,
				BD0DDE2024C94730000E065F /* FilteredList.swift */,
				BD0DDE2224C94A9A000E065F /* DynamicFiltering.swift */,
				BDC4284024C1597700A8ECF9 /* Assets.xcassets */,
				BDC4284524C1597700A8ECF9 /* LaunchScreen.storyboard */,
				BDC4284824C1597700A8ECF9 /* Info.plist */,
				BD05685F24C162CE00F75BC5 /* CoreDataConstraints.swift */,
				BDC4283B24C1597400A8ECF9 /* CoreDataProject.xcdatamodeld */,
				BD05685624C15A3F00F75BC5 /* Introduction */,
				BDC4284224C1597700A8ECF9 /* Preview Content */,
			);
			path = CoreDataProject;
			sourceTree = "<group>";
		};
		BDC4284224C1597700A8ECF9 /* Preview Content */ = {
			isa = PBXGroup;
			children = (
				BDC4284324C1597700A8ECF9 /* Preview Assets.xcassets */,
			);
			path = "Preview Content";
			sourceTree = "<group>";
		};
/* End PBXGroup section */

/* Begin PBXNativeTarget section */
		BDC4283324C1597400A8ECF9 /* CoreDataProject */ = {
			isa = PBXNativeTarget;
			buildConfigurationList = BDC4284B24C1597700A8ECF9 /* Build configuration list for PBXNativeTarget "CoreDataProject" */;
			buildPhases = (
				BDC4283024C1597400A8ECF9 /* Sources */,
				BDC4283124C1597400A8ECF9 /* Frameworks */,
				BDC4283224C1597400A8ECF9 /* Resources */,
			);
			buildRules = (
			);
			dependencies = (
			);
			name = CoreDataProject;
			productName = CoreDataProject;
			productReference = BDC4283424C1597400A8ECF9 /* CoreDataProject.app */;
			productType = "com.apple.product-type.application";
		};
/* End PBXNativeTarget section */

/* Begin PBXProject section */
		BDC4282C24C1597400A8ECF9 /* Project object */ = {
			isa = PBXProject;
			attributes = {
				LastSwiftUpdateCheck = 1150;
				LastUpgradeCheck = 1150;
				ORGANIZATIONNAME = samrshi;
				TargetAttributes = {
					BDC4283324C1597400A8ECF9 = {
						CreatedOnToolsVersion = 11.5;
					};
				};
			};
			buildConfigurationList = BDC4282F24C1597400A8ECF9 /* Build configuration list for PBXProject "CoreDataProject" */;
			compatibilityVersion = "Xcode 9.3";
			developmentRegion = en;
			hasScannedForEncodings = 0;
			knownRegions = (
				en,
				Base,
			);
			mainGroup = BDC4282B24C1597400A8ECF9;
			productRefGroup = BDC4283524C1597400A8ECF9 /* Products */;
			projectDirPath = "";
			projectRoot = "";
			targets = (
				BDC4283324C1597400A8ECF9 /* CoreDataProject */,
			);
		};
/* End PBXProject section */

/* Begin PBXResourcesBuildPhase section */
		BDC4283224C1597400A8ECF9 /* Resources */ = {
			isa = PBXResourcesBuildPhase;
			buildActionMask = 2147483647;
			files = (
				BDC4284724C1597700A8ECF9 /* LaunchScreen.storyboard in Resources */,
				BDC4284424C1597700A8ECF9 /* Preview Assets.xcassets in Resources */,
				BDC4284124C1597700A8ECF9 /* Assets.xcassets in Resources */,
			);
			runOnlyForDeploymentPostprocessing = 0;
		};
/* End PBXResourcesBuildPhase section */

/* Begin PBXSourcesBuildPhase section */
		BDC4283024C1597400A8ECF9 /* Sources */ = {
			isa = PBXSourcesBuildPhase;
			buildActionMask = 2147483647;
			files = (
				BD05685E24C15FBC00F75BC5 /* ConditionalMOCSaving.swift in Sources */,
				BD0DDE1F24C94691000E065F /* Singer+CoreDataProperties.swift in Sources */,
				BDC4283824C1597400A8ECF9 /* AppDelegate.swift in Sources */,
				BD0DDE2A24C94C41000E065F /* Candy+CoreDataClass.swift in Sources */,
				BD0DDE1E24C94691000E065F /* Singer+CoreDataClass.swift in Sources */,
				BD0DDE2924C94C41000E065F /* Country+CoreDataProperties.swift in Sources */,
				BD0DDE2124C94730000E065F /* FilteredList.swift in Sources */,
				BDC4283A24C1597400A8ECF9 /* SceneDelegate.swift in Sources */,
				BDEE79B524D78BC20028C24C /* CountriesAndCandy.swift in Sources */,
				BD0DDE1B24C945BE000E065F /* FilteringWithNSPredicate.swift in Sources */,
				BDC4283F24C1597400A8ECF9 /* ContentView.swift in Sources */,
				BD0DDE2824C94C41000E065F /* Country+CoreDataClass.swift in Sources */,
				BD0DDE2324C94A9A000E065F /* DynamicFiltering.swift in Sources */,
				BD05686024C162CE00F75BC5 /* CoreDataConstraints.swift in Sources */,
				BDC4283D24C1597400A8ECF9 /* CoreDataProject.xcdatamodeld in Sources */,
				BD05685B24C15D8D00F75BC5 /* Movie+CoreDataClass.swift in Sources */,
				BD0DDE2B24C94C41000E065F /* Candy+CoreDataProperties.swift in Sources */,
				BD05685C24C15D8D00F75BC5 /* Movie+CoreDataProperties.swift in Sources */,
				BD05685824C15CD100F75BC5 /* HashableAndSelf.swift in Sources */,
			);
			runOnlyForDeploymentPostprocessing = 0;
		};
/* End PBXSourcesBuildPhase section */

/* Begin PBXVariantGroup section */
		BDC4284524C1597700A8ECF9 /* LaunchScreen.storyboard */ = {
			isa = PBXVariantGroup;
			children = (
				BDC4284624C1597700A8ECF9 /* Base */,
			);
			name = LaunchScreen.storyboard;
			sourceTree = "<group>";
		};
/* End PBXVariantGroup section */

/* Begin XCBuildConfiguration section */
		BDC4284924C1597700A8ECF9 /* Debug */ = {
			isa = XCBuildConfiguration;
			buildSettings = {
				ALWAYS_SEARCH_USER_PATHS = NO;
				CLANG_ANALYZER_NONNULL = YES;
				CLANG_ANALYZER_NUMBER_OBJECT_CONVERSION = YES_AGGRESSIVE;
				CLANG_CXX_LANGUAGE_STANDARD = "gnu++14";
				CLANG_CXX_LIBRARY = "libc++";
				CLANG_ENABLE_MODULES = YES;
				CLANG_ENABLE_OBJC_ARC = YES;
				CLANG_ENABLE_OBJC_WEAK = YES;
				CLANG_WARN_BLOCK_CAPTURE_AUTORELEASING = YES;
				CLANG_WARN_BOOL_CONVERSION = YES;
				CLANG_WARN_COMMA = YES;
				CLANG_WARN_CONSTANT_CONVERSION = YES;
				CLANG_WARN_DEPRECATED_OBJC_IMPLEMENTATIONS = YES;
				CLANG_WARN_DIRECT_OBJC_ISA_USAGE = YES_ERROR;
				CLANG_WARN_DOCUMENTATION_COMMENTS = YES;
				CLANG_WARN_EMPTY_BODY = YES;
				CLANG_WARN_ENUM_CONVERSION = YES;
				CLANG_WARN_INFINITE_RECURSION = YES;
				CLANG_WARN_INT_CONVERSION = YES;
				CLANG_WARN_NON_LITERAL_NULL_CONVERSION = YES;
				CLANG_WARN_OBJC_IMPLICIT_RETAIN_SELF = YES;
				CLANG_WARN_OBJC_LITERAL_CONVERSION = YES;
				CLANG_WARN_OBJC_ROOT_CLASS = YES_ERROR;
				CLANG_WARN_RANGE_LOOP_ANALYSIS = YES;
				CLANG_WARN_STRICT_PROTOTYPES = YES;
				CLANG_WARN_SUSPICIOUS_MOVE = YES;
				CLANG_WARN_UNGUARDED_AVAILABILITY = YES_AGGRESSIVE;
				CLANG_WARN_UNREACHABLE_CODE = YES;
				CLANG_WARN__DUPLICATE_METHOD_MATCH = YES;
				COPY_PHASE_STRIP = NO;
				DEBUG_INFORMATION_FORMAT = dwarf;
				ENABLE_STRICT_OBJC_MSGSEND = YES;
				ENABLE_TESTABILITY = YES;
				GCC_C_LANGUAGE_STANDARD = gnu11;
				GCC_DYNAMIC_NO_PIC = NO;
				GCC_NO_COMMON_BLOCKS = YES;
				GCC_OPTIMIZATION_LEVEL = 0;
				GCC_PREPROCESSOR_DEFINITIONS = (
					"DEBUG=1",
					"$(inherited)",
				);
				GCC_WARN_64_TO_32_BIT_CONVERSION = YES;
				GCC_WARN_ABOUT_RETURN_TYPE = YES_ERROR;
				GCC_WARN_UNDECLARED_SELECTOR = YES;
				GCC_WARN_UNINITIALIZED_AUTOS = YES_AGGRESSIVE;
				GCC_WARN_UNUSED_FUNCTION = YES;
				GCC_WARN_UNUSED_VARIABLE = YES;
				IPHONEOS_DEPLOYMENT_TARGET = 13.5;
				MTL_ENABLE_DEBUG_INFO = INCLUDE_SOURCE;
				MTL_FAST_MATH = YES;
				ONLY_ACTIVE_ARCH = YES;
				SDKROOT = iphoneos;
				SWIFT_ACTIVE_COMPILATION_CONDITIONS = DEBUG;
				SWIFT_OPTIMIZATION_LEVEL = "-Onone";
			};
			name = Debug;
		};
		BDC4284A24C1597700A8ECF9 /* Release */ = {
			isa = XCBuildConfiguration;
			buildSettings = {
				ALWAYS_SEARCH_USER_PATHS = NO;
				CLANG_ANALYZER_NONNULL = YES;
				CLANG_ANALYZER_NUMBER_OBJECT_CONVERSION = YES_AGGRESSIVE;
				CLANG_CXX_LANGUAGE_STANDARD = "gnu++14";
				CLANG_CXX_LIBRARY = "libc++";
				CLANG_ENABLE_MODULES = YES;
				CLANG_ENABLE_OBJC_ARC = YES;
				CLANG_ENABLE_OBJC_WEAK = YES;
				CLANG_WARN_BLOCK_CAPTURE_AUTORELEASING = YES;
				CLANG_WARN_BOOL_CONVERSION = YES;
				CLANG_WARN_COMMA = YES;
				CLANG_WARN_CONSTANT_CONVERSION = YES;
				CLANG_WARN_DEPRECATED_OBJC_IMPLEMENTATIONS = YES;
				CLANG_WARN_DIRECT_OBJC_ISA_USAGE = YES_ERROR;
				CLANG_WARN_DOCUMENTATION_COMMENTS = YES;
				CLANG_WARN_EMPTY_BODY = YES;
				CLANG_WARN_ENUM_CONVERSION = YES;
				CLANG_WARN_INFINITE_RECURSION = YES;
				CLANG_WARN_INT_CONVERSION = YES;
				CLANG_WARN_NON_LITERAL_NULL_CONVERSION = YES;
				CLANG_WARN_OBJC_IMPLICIT_RETAIN_SELF = YES;
				CLANG_WARN_OBJC_LITERAL_CONVERSION = YES;
				CLANG_WARN_OBJC_ROOT_CLASS = YES_ERROR;
				CLANG_WARN_RANGE_LOOP_ANALYSIS = YES;
				CLANG_WARN_STRICT_PROTOTYPES = YES;
				CLANG_WARN_SUSPICIOUS_MOVE = YES;
				CLANG_WARN_UNGUARDED_AVAILABILITY = YES_AGGRESSIVE;
				CLANG_WARN_UNREACHABLE_CODE = YES;
				CLANG_WARN__DUPLICATE_METHOD_MATCH = YES;
				COPY_PHASE_STRIP = NO;
				DEBUG_INFORMATION_FORMAT = "dwarf-with-dsym";
				ENABLE_NS_ASSERTIONS = NO;
				ENABLE_STRICT_OBJC_MSGSEND = YES;
				GCC_C_LANGUAGE_STANDARD = gnu11;
				GCC_NO_COMMON_BLOCKS = YES;
				GCC_WARN_64_TO_32_BIT_CONVERSION = YES;
				GCC_WARN_ABOUT_RETURN_TYPE = YES_ERROR;
				GCC_WARN_UNDECLARED_SELECTOR = YES;
				GCC_WARN_UNINITIALIZED_AUTOS = YES_AGGRESSIVE;
				GCC_WARN_UNUSED_FUNCTION = YES;
				GCC_WARN_UNUSED_VARIABLE = YES;
				IPHONEOS_DEPLOYMENT_TARGET = 13.5;
				MTL_ENABLE_DEBUG_INFO = NO;
				MTL_FAST_MATH = YES;
				SDKROOT = iphoneos;
				SWIFT_COMPILATION_MODE = wholemodule;
				SWIFT_OPTIMIZATION_LEVEL = "-O";
				VALIDATE_PRODUCT = YES;
			};
			name = Release;
		};
		BDC4284C24C1597700A8ECF9 /* Debug */ = {
			isa = XCBuildConfiguration;
			buildSettings = {
				ASSETCATALOG_COMPILER_APPICON_NAME = AppIcon;
				CODE_SIGN_STYLE = Automatic;
				DEVELOPMENT_ASSET_PATHS = "\"CoreDataProject/Preview Content\"";
				DEVELOPMENT_TEAM = 9A9373K73V;
				ENABLE_PREVIEWS = YES;
				INFOPLIST_FILE = CoreDataProject/Info.plist;
				LD_RUNPATH_SEARCH_PATHS = (
					"$(inherited)",
					"@executable_path/Frameworks",
				);
				PRODUCT_BUNDLE_IDENTIFIER = com.samrshi.CoreDataProject;
				PRODUCT_NAME = "$(TARGET_NAME)";
				SWIFT_VERSION = 5.0;
				TARGETED_DEVICE_FAMILY = "1,2";
			};
			name = Debug;
		};
		BDC4284D24C1597700A8ECF9 /* Release */ = {
			isa = XCBuildConfiguration;
			buildSettings = {
				ASSETCATALOG_COMPILER_APPICON_NAME = AppIcon;
				CODE_SIGN_STYLE = Automatic;
				DEVELOPMENT_ASSET_PATHS = "\"CoreDataProject/Preview Content\"";
				DEVELOPMENT_TEAM = 9A9373K73V;
				ENABLE_PREVIEWS = YES;
				INFOPLIST_FILE = CoreDataProject/Info.plist;
				LD_RUNPATH_SEARCH_PATHS = (
					"$(inherited)",
					"@executable_path/Frameworks",
				);
				PRODUCT_BUNDLE_IDENTIFIER = com.samrshi.CoreDataProject;
				PRODUCT_NAME = "$(TARGET_NAME)";
				SWIFT_VERSION = 5.0;
				TARGETED_DEVICE_FAMILY = "1,2";
			};
			name = Release;
		};
/* End XCBuildConfiguration section */

/* Begin XCConfigurationList section */
		BDC4282F24C1597400A8ECF9 /* Build configuration list for PBXProject "CoreDataProject" */ = {
			isa = XCConfigurationList;
			buildConfigurations = (
				BDC4284924C1597700A8ECF9 /* Debug */,
				BDC4284A24C1597700A8ECF9 /* Release */,
			);
			defaultConfigurationIsVisible = 0;
			defaultConfigurationName = Release;
		};
		BDC4284B24C1597700A8ECF9 /* Build configuration list for PBXNativeTarget "CoreDataProject" */ = {
			isa = XCConfigurationList;
			buildConfigurations = (
				BDC4284C24C1597700A8ECF9 /* Debug */,
				BDC4284D24C1597700A8ECF9 /* Release */,
			);
			defaultConfigurationIsVisible = 0;
			defaultConfigurationName = Release;
		};
/* End XCConfigurationList section */

/* Begin XCVersionGroup section */
		BDC4283B24C1597400A8ECF9 /* CoreDataProject.xcdatamodeld */ = {
			isa = XCVersionGroup;
			children = (
				BDC4283C24C1597400A8ECF9 /* CoreDataProject.xcdatamodel */,
			);
			currentVersion = BDC4283C24C1597400A8ECF9 /* CoreDataProject.xcdatamodel */;
			path = CoreDataProject.xcdatamodeld;
			sourceTree = "<group>";
			versionGroupType = wrapper.xcdatamodel;
		};
/* End XCVersionGroup section */
	};
	rootObject = BDC4282C24C1597400A8ECF9 /* Project object */;
}
