// !$*UTF8*$!
{
	archiveVersion = 1;
	classes = {
	};
	objectVersion = 50;
	objects = {

/* Begin PBXBuildFile section */
		BD0A5A9A24D7753B00FD5C3C /* WhatsBehindTheView.swift in Sources */ = {isa = PBXBuildFile; fileRef = BD0A5A9924D7753B00FD5C3C /* WhatsBehindTheView.swift */; };
		BD0A5A9C24D7755700FD5C3C /* OrderMatters.swift in Sources */ = {isa = PBXBuildFile; fileRef = BD0A5A9B24D7755700FD5C3C /* OrderMatters.swift */; };
		BD0A5A9E24D775C900FD5C3C /* WhyUseSomeView.swift in Sources */ = {isa = PBXBuildFile; fileRef = BD0A5A9D24D775C900FD5C3C /* WhyUseSomeView.swift */; };
		BD0A5AA024D7760B00FD5C3C /* ConditionalModifiers.swift in Sources */ = {isa = PBXBuildFile; fileRef = BD0A5A9F24D7760B00FD5C3C /* ConditionalModifiers.swift */; };
		BD0A5AA224D7766900FD5C3C /* EnvironmentModifiers.swift in Sources */ = {isa = PBXBuildFile; fileRef = BD0A5AA124D7766900FD5C3C /* EnvironmentModifiers.swift */; };
		BD0A5AA424D7772E00FD5C3C /* ViewsAsProperties.swift in Sources */ = {isa = PBXBuildFile; fileRef = BD0A5AA324D7772E00FD5C3C /* ViewsAsProperties.swift */; };
		BD0A5AA624D777A900FD5C3C /* ViewComposition.swift in Sources */ = {isa = PBXBuildFile; fileRef = BD0A5AA524D777A900FD5C3C /* ViewComposition.swift */; };
		BD0A5AA824D7781800FD5C3C /* Challenge.swift in Sources */ = {isa = PBXBuildFile; fileRef = BD0A5AA724D7781800FD5C3C /* Challenge.swift */; };
		BD0A5AAA24D7786300FD5C3C /* CustomModifiers.swift in Sources */ = {isa = PBXBuildFile; fileRef = BD0A5AA924D7786300FD5C3C /* CustomModifiers.swift */; };
		BD0A5AAC24D7793500FD5C3C /* CustomContainers.swift in Sources */ = {isa = PBXBuildFile; fileRef = BD0A5AAB24D7793500FD5C3C /* CustomContainers.swift */; };
		BDC7C4BB2488B94800C7AD4E /* AppDelegate.swift in Sources */ = {isa = PBXBuildFile; fileRef = BDC7C4BA2488B94800C7AD4E /* AppDelegate.swift */; };
		BDC7C4BD2488B94800C7AD4E /* SceneDelegate.swift in Sources */ = {isa = PBXBuildFile; fileRef = BDC7C4BC2488B94800C7AD4E /* SceneDelegate.swift */; };
		BDC7C4BF2488B94800C7AD4E /* ContentView.swift in Sources */ = {isa = PBXBuildFile; fileRef = BDC7C4BE2488B94800C7AD4E /* ContentView.swift */; };
		BDC7C4C12488B94900C7AD4E /* Assets.xcassets in Resources */ = {isa = PBXBuildFile; fileRef = BDC7C4C02488B94900C7AD4E /* Assets.xcassets */; };
		BDC7C4C42488B94900C7AD4E /* Preview Assets.xcassets in Resources */ = {isa = PBXBuildFile; fileRef = BDC7C4C32488B94900C7AD4E /* Preview Assets.xcassets */; };
		BDC7C4C72488B94900C7AD4E /* LaunchScreen.storyboard in Resources */ = {isa = PBXBuildFile; fileRef = BDC7C4C52488B94900C7AD4E /* LaunchScreen.storyboard */; };
/* End PBXBuildFile section */

/* Begin PBXFileReference section */
		BD0A5A9924D7753B00FD5C3C /* WhatsBehindTheView.swift */ = {isa = PBXFileReference; lastKnownFileType = sourcecode.swift; path = WhatsBehindTheView.swift; sourceTree = "<group>"; };
		BD0A5A9B24D7755700FD5C3C /* OrderMatters.swift */ = {isa = PBXFileReference; lastKnownFileType = sourcecode.swift; path = OrderMatters.swift; sourceTree = "<group>"; };
		BD0A5A9D24D775C900FD5C3C /* WhyUseSomeView.swift */ = {isa = PBXFileReference; lastKnownFileType = sourcecode.swift; path = WhyUseSomeView.swift; sourceTree = "<group>"; };
		BD0A5A9F24D7760B00FD5C3C /* ConditionalModifiers.swift */ = {isa = PBXFileReference; lastKnownFileType = sourcecode.swift; path = ConditionalModifiers.swift; sourceTree = "<group>"; };
		BD0A5AA124D7766900FD5C3C /* EnvironmentModifiers.swift */ = {isa = PBXFileReference; lastKnownFileType = sourcecode.swift; path = EnvironmentModifiers.swift; sourceTree = "<group>"; };
		BD0A5AA324D7772E00FD5C3C /* ViewsAsProperties.swift */ = {isa = PBXFileReference; lastKnownFileType = sourcecode.swift; path = ViewsAsProperties.swift; sourceTree = "<group>"; };
		BD0A5AA524D777A900FD5C3C /* ViewComposition.swift */ = {isa = PBXFileReference; lastKnownFileType = sourcecode.swift; path = ViewComposition.swift; sourceTree = "<group>"; };
		BD0A5AA724D7781800FD5C3C /* Challenge.swift */ = {isa = PBXFileReference; lastKnownFileType = sourcecode.swift; path = Challenge.swift; sourceTree = "<group>"; };
		BD0A5AA924D7786300FD5C3C /* CustomModifiers.swift */ = {isa = PBXFileReference; lastKnownFileType = sourcecode.swift; path = CustomModifiers.swift; sourceTree = "<group>"; };
		BD0A5AAB24D7793500FD5C3C /* CustomContainers.swift */ = {isa = PBXFileReference; lastKnownFileType = sourcecode.swift; path = CustomContainers.swift; sourceTree = "<group>"; };
		BDC7C4B72488B94800C7AD4E /* ViewsAndModifiers.app */ = {isa = PBXFileReference; explicitFileType = wrapper.application; includeInIndex = 0; path = ViewsAndModifiers.app; sourceTree = BUILT_PRODUCTS_DIR; };
		BDC7C4BA2488B94800C7AD4E /* AppDelegate.swift */ = {isa = PBXFileReference; lastKnownFileType = sourcecode.swift; path = AppDelegate.swift; sourceTree = "<group>"; };
		BDC7C4BC2488B94800C7AD4E /* SceneDelegate.swift */ = {isa = PBXFileReference; lastKnownFileType = sourcecode.swift; path = SceneDelegate.swift; sourceTree = "<group>"; };
		BDC7C4BE2488B94800C7AD4E /* ContentView.swift */ = {isa = PBXFileReference; lastKnownFileType = sourcecode.swift; path = ContentView.swift; sourceTree = "<group>"; };
		BDC7C4C02488B94900C7AD4E /* Assets.xcassets */ = {isa = PBXFileReference; lastKnownFileType = folder.assetcatalog; path = Assets.xcassets; sourceTree = "<group>"; };
		BDC7C4C32488B94900C7AD4E /* Preview Assets.xcassets */ = {isa = PBXFileReference; lastKnownFileType = folder.assetcatalog; path = "Preview Assets.xcassets"; sourceTree = "<group>"; };
		BDC7C4C62488B94900C7AD4E /* Base */ = {isa = PBXFileReference; lastKnownFileType = file.storyboard; name = Base; path = Base.lproj/LaunchScreen.storyboard; sourceTree = "<group>"; };
		BDC7C4C82488B94900C7AD4E /* Info.plist */ = {isa = PBXFileReference; lastKnownFileType = text.plist.xml; path = Info.plist; sourceTree = "<group>"; };
/* End PBXFileReference section */

/* Begin PBXFrameworksBuildPhase section */
		BDC7C4B42488B94700C7AD4E /* Frameworks */ = {
			isa = PBXFrameworksBuildPhase;
			buildActionMask = 2147483647;
			files = (
			);
			runOnlyForDeploymentPostprocessing = 0;
		};
/* End PBXFrameworksBuildPhase section */

/* Begin PBXGroup section */
		BDC7C4AE2488B94700C7AD4E = {
			isa = PBXGroup;
			children = (
				BDC7C4B92488B94800C7AD4E /* ViewsAndModifiers */,
				BDC7C4B82488B94800C7AD4E /* Products */,
			);
			sourceTree = "<group>";
		};
		BDC7C4B82488B94800C7AD4E /* Products */ = {
			isa = PBXGroup;
			children = (
				BDC7C4B72488B94800C7AD4E /* ViewsAndModifiers.app */,
			);
			name = Products;
			sourceTree = "<group>";
		};
		BDC7C4B92488B94800C7AD4E /* ViewsAndModifiers */ = {
			isa = PBXGroup;
			children = (
				BDC7C4BA2488B94800C7AD4E /* AppDelegate.swift */,
				BDC7C4BC2488B94800C7AD4E /* SceneDelegate.swift */,
				BDC7C4BE2488B94800C7AD4E /* ContentView.swift */,
				BD0A5A9924D7753B00FD5C3C /* WhatsBehindTheView.swift */,
				BD0A5A9B24D7755700FD5C3C /* OrderMatters.swift */,
				BD0A5A9D24D775C900FD5C3C /* WhyUseSomeView.swift */,
				BD0A5A9F24D7760B00FD5C3C /* ConditionalModifiers.swift */,
				BD0A5AA124D7766900FD5C3C /* EnvironmentModifiers.swift */,
				BD0A5AA324D7772E00FD5C3C /* ViewsAsProperties.swift */,
				BD0A5AA524D777A900FD5C3C /* ViewComposition.swift */,
				BD0A5AA924D7786300FD5C3C /* CustomModifiers.swift */,
				BD0A5AAB24D7793500FD5C3C /* CustomContainers.swift */,
				BD0A5AA724D7781800FD5C3C /* Challenge.swift */,
				BDC7C4C02488B94900C7AD4E /* Assets.xcassets */,
				BDC7C4C52488B94900C7AD4E /* LaunchScreen.storyboard */,
				BDC7C4C82488B94900C7AD4E /* Info.plist */,
				BDC7C4C22488B94900C7AD4E /* Preview Content */,
			);
			path = ViewsAndModifiers;
			sourceTree = "<group>";
		};
		BDC7C4C22488B94900C7AD4E /* Preview Content */ = {
			isa = PBXGroup;
			children = (
				BDC7C4C32488B94900C7AD4E /* Preview Assets.xcassets */,
			);
			path = "Preview Content";
			sourceTree = "<group>";
		};
/* End PBXGroup section */

/* Begin PBXNativeTarget section */
		BDC7C4B62488B94700C7AD4E /* ViewsAndModifiers */ = {
			isa = PBXNativeTarget;
			buildConfigurationList = BDC7C4CB2488B94900C7AD4E /* Build configuration list for PBXNativeTarget "ViewsAndModifiers" */;
			buildPhases = (
				BDC7C4B32488B94700C7AD4E /* Sources */,
				BDC7C4B42488B94700C7AD4E /* Frameworks */,
				BDC7C4B52488B94700C7AD4E /* Resources */,
			);
			buildRules = (
			);
			dependencies = (
			);
			name = ViewsAndModifiers;
			productName = ViewsAndModifiers;
			productReference = BDC7C4B72488B94800C7AD4E /* ViewsAndModifiers.app */;
			productType = "com.apple.product-type.application";
		};
/* End PBXNativeTarget section */

/* Begin PBXProject section */
		BDC7C4AF2488B94700C7AD4E /* Project object */ = {
			isa = PBXProject;
			attributes = {
				LastSwiftUpdateCheck = 1120;
				LastUpgradeCheck = 1120;
				ORGANIZATIONNAME = samrshi;
				TargetAttributes = {
					BDC7C4B62488B94700C7AD4E = {
						CreatedOnToolsVersion = 11.2;
					};
				};
			};
			buildConfigurationList = BDC7C4B22488B94700C7AD4E /* Build configuration list for PBXProject "ViewsAndModifiers" */;
			compatibilityVersion = "Xcode 9.3";
			developmentRegion = en;
			hasScannedForEncodings = 0;
			knownRegions = (
				en,
				Base,
			);
			mainGroup = BDC7C4AE2488B94700C7AD4E;
			productRefGroup = BDC7C4B82488B94800C7AD4E /* Products */;
			projectDirPath = "";
			projectRoot = "";
			targets = (
				BDC7C4B62488B94700C7AD4E /* ViewsAndModifiers */,
			);
		};
/* End PBXProject section */

/* Begin PBXResourcesBuildPhase section */
		BDC7C4B52488B94700C7AD4E /* Resources */ = {
			isa = PBXResourcesBuildPhase;
			buildActionMask = 2147483647;
			files = (
				BDC7C4C72488B94900C7AD4E /* LaunchScreen.storyboard in Resources */,
				BDC7C4C42488B94900C7AD4E /* Preview Assets.xcassets in Resources */,
				BDC7C4C12488B94900C7AD4E /* Assets.xcassets in Resources */,
			);
			runOnlyForDeploymentPostprocessing = 0;
		};
/* End PBXResourcesBuildPhase section */

/* Begin PBXSourcesBuildPhase section */
		BDC7C4B32488B94700C7AD4E /* Sources */ = {
			isa = PBXSourcesBuildPhase;
			buildActionMask = 2147483647;
			files = (
				BD0A5A9C24D7755700FD5C3C /* OrderMatters.swift in Sources */,
				BD0A5AA624D777A900FD5C3C /* ViewComposition.swift in Sources */,
				BD0A5AA424D7772E00FD5C3C /* ViewsAsProperties.swift in Sources */,
				BD0A5A9E24D775C900FD5C3C /* WhyUseSomeView.swift in Sources */,
				BD0A5AA824D7781800FD5C3C /* Challenge.swift in Sources */,
				BD0A5AAC24D7793500FD5C3C /* CustomContainers.swift in Sources */,
				BD0A5A9A24D7753B00FD5C3C /* WhatsBehindTheView.swift in Sources */,
				BDC7C4BB2488B94800C7AD4E /* AppDelegate.swift in Sources */,
				BD0A5AA224D7766900FD5C3C /* EnvironmentModifiers.swift in Sources */,
				BDC7C4BD2488B94800C7AD4E /* SceneDelegate.swift in Sources */,
				BD0A5AAA24D7786300FD5C3C /* CustomModifiers.swift in Sources */,
				BDC7C4BF2488B94800C7AD4E /* ContentView.swift in Sources */,
				BD0A5AA024D7760B00FD5C3C /* ConditionalModifiers.swift in Sources */,
			);
			runOnlyForDeploymentPostprocessing = 0;
		};
/* End PBXSourcesBuildPhase section */

/* Begin PBXVariantGroup section */
		BDC7C4C52488B94900C7AD4E /* LaunchScreen.storyboard */ = {
			isa = PBXVariantGroup;
			children = (
				BDC7C4C62488B94900C7AD4E /* Base */,
			);
			name = LaunchScreen.storyboard;
			sourceTree = "<group>";
		};
/* End PBXVariantGroup section */

/* Begin XCBuildConfiguration section */
		BDC7C4C92488B94900C7AD4E /* Debug */ = {
			isa = XCBuildConfiguration;
			buildSettings = {
				ALWAYS_SEARCH_USER_PATHS = NO;
				CLANG_ANALYZER_NONNULL = YES;
				CLANG_ANALYZER_NUMBER_OBJECT_CONVERSION = YES_AGGRESSIVE;
				CLANG_CXX_LANGUAGE_STANDARD = "gnu++14";
				CLANG_CXX_LIBRARY = "libc++";
				CLANG_ENABLE_MODULES = YES;
				CLANG_ENABLE_OBJC_ARC = YES;
				CLANG_ENABLE_OBJC_WEAK = YES;
				CLANG_WARN_BLOCK_CAPTURE_AUTORELEASING = YES;
				CLANG_WARN_BOOL_CONVERSION = YES;
				CLANG_WARN_COMMA = YES;
				CLANG_WARN_CONSTANT_CONVERSION = YES;
				CLANG_WARN_DEPRECATED_OBJC_IMPLEMENTATIONS = YES;
				CLANG_WARN_DIRECT_OBJC_ISA_USAGE = YES_ERROR;
				CLANG_WARN_DOCUMENTATION_COMMENTS = YES;
				CLANG_WARN_EMPTY_BODY = YES;
				CLANG_WARN_ENUM_CONVERSION = YES;
				CLANG_WARN_INFINITE_RECURSION = YES;
				CLANG_WARN_INT_CONVERSION = YES;
				CLANG_WARN_NON_LITERAL_NULL_CONVERSION = YES;
				CLANG_WARN_OBJC_IMPLICIT_RETAIN_SELF = YES;
				CLANG_WARN_OBJC_LITERAL_CONVERSION = YES;
				CLANG_WARN_OBJC_ROOT_CLASS = YES_ERROR;
				CLANG_WARN_RANGE_LOOP_ANALYSIS = YES;
				CLANG_WARN_STRICT_PROTOTYPES = YES;
				CLANG_WARN_SUSPICIOUS_MOVE = YES;
				CLANG_WARN_UNGUARDED_AVAILABILITY = YES_AGGRESSIVE;
				CLANG_WARN_UNREACHABLE_CODE = YES;
				CLANG_WARN__DUPLICATE_METHOD_MATCH = YES;
				COPY_PHASE_STRIP = NO;
				DEBUG_INFORMATION_FORMAT = dwarf;
				ENABLE_STRICT_OBJC_MSGSEND = YES;
				ENABLE_TESTABILITY = YES;
				GCC_C_LANGUAGE_STANDARD = gnu11;
				GCC_DYNAMIC_NO_PIC = NO;
				GCC_NO_COMMON_BLOCKS = YES;
				GCC_OPTIMIZATION_LEVEL = 0;
				GCC_PREPROCESSOR_DEFINITIONS = (
					"DEBUG=1",
					"$(inherited)",
				);
				GCC_WARN_64_TO_32_BIT_CONVERSION = YES;
				GCC_WARN_ABOUT_RETURN_TYPE = YES_ERROR;
				GCC_WARN_UNDECLARED_SELECTOR = YES;
				GCC_WARN_UNINITIALIZED_AUTOS = YES_AGGRESSIVE;
				GCC_WARN_UNUSED_FUNCTION = YES;
				GCC_WARN_UNUSED_VARIABLE = YES;
				IPHONEOS_DEPLOYMENT_TARGET = 13.2;
				MTL_ENABLE_DEBUG_INFO = INCLUDE_SOURCE;
				MTL_FAST_MATH = YES;
				ONLY_ACTIVE_ARCH = YES;
				SDKROOT = iphoneos;
				SWIFT_ACTIVE_COMPILATION_CONDITIONS = DEBUG;
				SWIFT_OPTIMIZATION_LEVEL = "-Onone";
			};
			name = Debug;
		};
		BDC7C4CA2488B94900C7AD4E /* Release */ = {
			isa = XCBuildConfiguration;
			buildSettings = {
				ALWAYS_SEARCH_USER_PATHS = NO;
				CLANG_ANALYZER_NONNULL = YES;
				CLANG_ANALYZER_NUMBER_OBJECT_CONVERSION = YES_AGGRESSIVE;
				CLANG_CXX_LANGUAGE_STANDARD = "gnu++14";
				CLANG_CXX_LIBRARY = "libc++";
				CLANG_ENABLE_MODULES = YES;
				CLANG_ENABLE_OBJC_ARC = YES;
				CLANG_ENABLE_OBJC_WEAK = YES;
				CLANG_WARN_BLOCK_CAPTURE_AUTORELEASING = YES;
				CLANG_WARN_BOOL_CONVERSION = YES;
				CLANG_WARN_COMMA = YES;
				CLANG_WARN_CONSTANT_CONVERSION = YES;
				CLANG_WARN_DEPRECATED_OBJC_IMPLEMENTATIONS = YES;
				CLANG_WARN_DIRECT_OBJC_ISA_USAGE = YES_ERROR;
				CLANG_WARN_DOCUMENTATION_COMMENTS = YES;
				CLANG_WARN_EMPTY_BODY = YES;
				CLANG_WARN_ENUM_CONVERSION = YES;
				CLANG_WARN_INFINITE_RECURSION = YES;
				CLANG_WARN_INT_CONVERSION = YES;
				CLANG_WARN_NON_LITERAL_NULL_CONVERSION = YES;
				CLANG_WARN_OBJC_IMPLICIT_RETAIN_SELF = YES;
				CLANG_WARN_OBJC_LITERAL_CONVERSION = YES;
				CLANG_WARN_OBJC_ROOT_CLASS = YES_ERROR;
				CLANG_WARN_RANGE_LOOP_ANALYSIS = YES;
				CLANG_WARN_STRICT_PROTOTYPES = YES;
				CLANG_WARN_SUSPICIOUS_MOVE = YES;
				CLANG_WARN_UNGUARDED_AVAILABILITY = YES_AGGRESSIVE;
				CLANG_WARN_UNREACHABLE_CODE = YES;
				CLANG_WARN__DUPLICATE_METHOD_MATCH = YES;
				COPY_PHASE_STRIP = NO;
				DEBUG_INFORMATION_FORMAT = "dwarf-with-dsym";
				ENABLE_NS_ASSERTIONS = NO;
				ENABLE_STRICT_OBJC_MSGSEND = YES;
				GCC_C_LANGUAGE_STANDARD = gnu11;
				GCC_NO_COMMON_BLOCKS = YES;
				GCC_WARN_64_TO_32_BIT_CONVERSION = YES;
				GCC_WARN_ABOUT_RETURN_TYPE = YES_ERROR;
				GCC_WARN_UNDECLARED_SELECTOR = YES;
				GCC_WARN_UNINITIALIZED_AUTOS = YES_AGGRESSIVE;
				GCC_WARN_UNUSED_FUNCTION = YES;
				GCC_WARN_UNUSED_VARIABLE = YES;
				IPHONEOS_DEPLOYMENT_TARGET = 13.2;
				MTL_ENABLE_DEBUG_INFO = NO;
				MTL_FAST_MATH = YES;
				SDKROOT = iphoneos;
				SWIFT_COMPILATION_MODE = wholemodule;
				SWIFT_OPTIMIZATION_LEVEL = "-O";
				VALIDATE_PRODUCT = YES;
			};
			name = Release;
		};
		BDC7C4CC2488B94900C7AD4E /* Debug */ = {
			isa = XCBuildConfiguration;
			buildSettings = {
				ASSETCATALOG_COMPILER_APPICON_NAME = AppIcon;
				CODE_SIGN_STYLE = Automatic;
				DEVELOPMENT_ASSET_PATHS = "\"ViewsAndModifiers/Preview Content\"";
				DEVELOPMENT_TEAM = 9A9373K73V;
				ENABLE_PREVIEWS = YES;
				INFOPLIST_FILE = ViewsAndModifiers/Info.plist;
				LD_RUNPATH_SEARCH_PATHS = (
					"$(inherited)",
					"@executable_path/Frameworks",
				);
				PRODUCT_BUNDLE_IDENTIFIER = com.samrshi.ViewsAndModifiers;
				PRODUCT_NAME = "$(TARGET_NAME)";
				SWIFT_VERSION = 5.0;
				TARGETED_DEVICE_FAMILY = "1,2";
			};
			name = Debug;
		};
		BDC7C4CD2488B94900C7AD4E /* Release */ = {
			isa = XCBuildConfiguration;
			buildSettings = {
				ASSETCATALOG_COMPILER_APPICON_NAME = AppIcon;
				CODE_SIGN_STYLE = Automatic;
				DEVELOPMENT_ASSET_PATHS = "\"ViewsAndModifiers/Preview Content\"";
				DEVELOPMENT_TEAM = 9A9373K73V;
				ENABLE_PREVIEWS = YES;
				INFOPLIST_FILE = ViewsAndModifiers/Info.plist;
				LD_RUNPATH_SEARCH_PATHS = (
					"$(inherited)",
					"@executable_path/Frameworks",
				);
				PRODUCT_BUNDLE_IDENTIFIER = com.samrshi.ViewsAndModifiers;
				PRODUCT_NAME = "$(TARGET_NAME)";
				SWIFT_VERSION = 5.0;
				TARGETED_DEVICE_FAMILY = "1,2";
			};
			name = Release;
		};
/* End XCBuildConfiguration section */

/* Begin XCConfigurationList section */
		BDC7C4B22488B94700C7AD4E /* Build configuration list for PBXProject "ViewsAndModifiers" */ = {
			isa = XCConfigurationList;
			buildConfigurations = (
				BDC7C4C92488B94900C7AD4E /* Debug */,
				BDC7C4CA2488B94900C7AD4E /* Release */,
			);
			defaultConfigurationIsVisible = 0;
			defaultConfigurationName = Release;
		};
		BDC7C4CB2488B94900C7AD4E /* Build configuration list for PBXNativeTarget "ViewsAndModifiers" */ = {
			isa = XCConfigurationList;
			buildConfigurations = (
				BDC7C4CC2488B94900C7AD4E /* Debug */,
				BDC7C4CD2488B94900C7AD4E /* Release */,
			);
			defaultConfigurationIsVisible = 0;
			defaultConfigurationName = Release;
		};
/* End XCConfigurationList section */
	};
	rootObject = BDC7C4AF2488B94700C7AD4E /* Project object */;
}
