// !$*UTF8*$!
{
	archiveVersion = 1;
	classes = {
	};
	objectVersion = 50;
	objects = {

/* Begin PBXBuildFile section */
		BD002E1424AFA49D006BF342 /* DeleteButton.swift in Sources */ = {isa = PBXBuildFile; fileRef = BD002E1324AFA49D006BF342 /* DeleteButton.swift */; };
		BD5D83BB24AEBD6F005E2BCA /* Habit.swift in Sources */ = {isa = PBXBuildFile; fileRef = BD5D83BA24AEBD6F005E2BCA /* Habit.swift */; };
		BDD480D024AE2B110072BFB7 /* AppDelegate.swift in Sources */ = {isa = PBXBuildFile; fileRef = BDD480CF24AE2B110072BFB7 /* AppDelegate.swift */; };
		BDD480D224AE2B110072BFB7 /* SceneDelegate.swift in Sources */ = {isa = PBXBuildFile; fileRef = BDD480D124AE2B110072BFB7 /* SceneDelegate.swift */; };
		BDD480D424AE2B110072BFB7 /* ContentView.swift in Sources */ = {isa = PBXBuildFile; fileRef = BDD480D324AE2B110072BFB7 /* ContentView.swift */; };
		BDD480D624AE2B150072BFB7 /* Assets.xcassets in Resources */ = {isa = PBXBuildFile; fileRef = BDD480D524AE2B150072BFB7 /* Assets.xcassets */; };
		BDD480D924AE2B150072BFB7 /* Preview Assets.xcassets in Resources */ = {isa = PBXBuildFile; fileRef = BDD480D824AE2B150072BFB7 /* Preview Assets.xcassets */; };
		BDD480DC24AE2B150072BFB7 /* LaunchScreen.storyboard in Resources */ = {isa = PBXBuildFile; fileRef = BDD480DA24AE2B150072BFB7 /* LaunchScreen.storyboard */; };
		BDD480E424AE31B00072BFB7 /* HabitView.swift in Sources */ = {isa = PBXBuildFile; fileRef = BDD480E324AE31B00072BFB7 /* HabitView.swift */; };
		BDD480E624AE32020072BFB7 /* AddView.swift in Sources */ = {isa = PBXBuildFile; fileRef = BDD480E524AE32020072BFB7 /* AddView.swift */; };
/* End PBXBuildFile section */

/* Begin PBXFileReference section */
		BD002E1324AFA49D006BF342 /* DeleteButton.swift */ = {isa = PBXFileReference; lastKnownFileType = sourcecode.swift; path = DeleteButton.swift; sourceTree = "<group>"; };
		BD5D83BA24AEBD6F005E2BCA /* Habit.swift */ = {isa = PBXFileReference; lastKnownFileType = sourcecode.swift; path = Habit.swift; sourceTree = "<group>"; };
		BDD480CC24AE2B110072BFB7 /* Habit Tracker.app */ = {isa = PBXFileReference; explicitFileType = wrapper.application; includeInIndex = 0; path = "Habit Tracker.app"; sourceTree = BUILT_PRODUCTS_DIR; };
		BDD480CF24AE2B110072BFB7 /* AppDelegate.swift */ = {isa = PBXFileReference; lastKnownFileType = sourcecode.swift; path = AppDelegate.swift; sourceTree = "<group>"; };
		BDD480D124AE2B110072BFB7 /* SceneDelegate.swift */ = {isa = PBXFileReference; lastKnownFileType = sourcecode.swift; path = SceneDelegate.swift; sourceTree = "<group>"; };
		BDD480D324AE2B110072BFB7 /* ContentView.swift */ = {isa = PBXFileReference; lastKnownFileType = sourcecode.swift; path = ContentView.swift; sourceTree = "<group>"; };
		BDD480D524AE2B150072BFB7 /* Assets.xcassets */ = {isa = PBXFileReference; lastKnownFileType = folder.assetcatalog; path = Assets.xcassets; sourceTree = "<group>"; };
		BDD480D824AE2B150072BFB7 /* Preview Assets.xcassets */ = {isa = PBXFileReference; lastKnownFileType = folder.assetcatalog; path = "Preview Assets.xcassets"; sourceTree = "<group>"; };
		BDD480DB24AE2B150072BFB7 /* Base */ = {isa = PBXFileReference; lastKnownFileType = file.storyboard; name = Base; path = Base.lproj/LaunchScreen.storyboard; sourceTree = "<group>"; };
		BDD480DD24AE2B150072BFB7 /* Info.plist */ = {isa = PBXFileReference; lastKnownFileType = text.plist.xml; path = Info.plist; sourceTree = "<group>"; };
		BDD480E324AE31B00072BFB7 /* HabitView.swift */ = {isa = PBXFileReference; lastKnownFileType = sourcecode.swift; path = HabitView.swift; sourceTree = "<group>"; };
		BDD480E524AE32020072BFB7 /* AddView.swift */ = {isa = PBXFileReference; lastKnownFileType = sourcecode.swift; path = AddView.swift; sourceTree = "<group>"; };
/* End PBXFileReference section */

/* Begin PBXFrameworksBuildPhase section */
		BDD480C924AE2B110072BFB7 /* Frameworks */ = {
			isa = PBXFrameworksBuildPhase;
			buildActionMask = 2147483647;
			files = (
			);
			runOnlyForDeploymentPostprocessing = 0;
		};
/* End PBXFrameworksBuildPhase section */

/* Begin PBXGroup section */
		BD5D83B524AEBD10005E2BCA /* Views */ = {
			isa = PBXGroup;
			children = (
				BDD480D324AE2B110072BFB7 /* ContentView.swift */,
				BDD480E324AE31B00072BFB7 /* HabitView.swift */,
				BDD480E524AE32020072BFB7 /* AddView.swift */,
				BD002E1324AFA49D006BF342 /* DeleteButton.swift */,
			);
			path = Views;
			sourceTree = "<group>";
		};
		BD5D83B924AEBD5C005E2BCA /* Model */ = {
			isa = PBXGroup;
			children = (
				BD5D83BA24AEBD6F005E2BCA /* Habit.swift */,
			);
			path = Model;
			sourceTree = "<group>";
		};
		BDD480C324AE2B110072BFB7 = {
			isa = PBXGroup;
			children = (
				BDD480CE24AE2B110072BFB7 /* Habit Tracker */,
				BDD480CD24AE2B110072BFB7 /* Products */,
			);
			sourceTree = "<group>";
		};
		BDD480CD24AE2B110072BFB7 /* Products */ = {
			isa = PBXGroup;
			children = (
				BDD480CC24AE2B110072BFB7 /* Habit Tracker.app */,
			);
			name = Products;
			sourceTree = "<group>";
		};
		BDD480CE24AE2B110072BFB7 /* Habit Tracker */ = {
			isa = PBXGroup;
			children = (
				BDD480CF24AE2B110072BFB7 /* AppDelegate.swift */,
				BDD480D124AE2B110072BFB7 /* SceneDelegate.swift */,
				BD5D83B524AEBD10005E2BCA /* Views */,
				BD5D83B924AEBD5C005E2BCA /* Model */,
				BDD480D524AE2B150072BFB7 /* Assets.xcassets */,
				BDD480DA24AE2B150072BFB7 /* LaunchScreen.storyboard */,
				BDD480DD24AE2B150072BFB7 /* Info.plist */,
				BDD480D724AE2B150072BFB7 /* Preview Content */,
			);
			path = "Habit Tracker";
			sourceTree = "<group>";
		};
		BDD480D724AE2B150072BFB7 /* Preview Content */ = {
			isa = PBXGroup;
			children = (
				BDD480D824AE2B150072BFB7 /* Preview Assets.xcassets */,
			);
			path = "Preview Content";
			sourceTree = "<group>";
		};
/* End PBXGroup section */

/* Begin PBXNativeTarget section */
		BDD480CB24AE2B110072BFB7 /* Habit Tracker */ = {
			isa = PBXNativeTarget;
			buildConfigurationList = BDD480E024AE2B150072BFB7 /* Build configuration list for PBXNativeTarget "Habit Tracker" */;
			buildPhases = (
				BDD480C824AE2B110072BFB7 /* Sources */,
				BDD480C924AE2B110072BFB7 /* Frameworks */,
				BDD480CA24AE2B110072BFB7 /* Resources */,
			);
			buildRules = (
			);
			dependencies = (
			);
			name = "Habit Tracker";
			productName = "Habit Tracker";
			productReference = BDD480CC24AE2B110072BFB7 /* Habit Tracker.app */;
			productType = "com.apple.product-type.application";
		};
/* End PBXNativeTarget section */

/* Begin PBXProject section */
		BDD480C424AE2B110072BFB7 /* Project object */ = {
			isa = PBXProject;
			attributes = {
				LastSwiftUpdateCheck = 1150;
				LastUpgradeCheck = 1150;
				ORGANIZATIONNAME = samrshi;
				TargetAttributes = {
					BDD480CB24AE2B110072BFB7 = {
						CreatedOnToolsVersion = 11.5;
					};
				};
			};
			buildConfigurationList = BDD480C724AE2B110072BFB7 /* Build configuration list for PBXProject "Habit Tracker" */;
			compatibilityVersion = "Xcode 9.3";
			developmentRegion = en;
			hasScannedForEncodings = 0;
			knownRegions = (
				en,
				Base,
			);
			mainGroup = BDD480C324AE2B110072BFB7;
			productRefGroup = BDD480CD24AE2B110072BFB7 /* Products */;
			projectDirPath = "";
			projectRoot = "";
			targets = (
				BDD480CB24AE2B110072BFB7 /* Habit Tracker */,
			);
		};
/* End PBXProject section */

/* Begin PBXResourcesBuildPhase section */
		BDD480CA24AE2B110072BFB7 /* Resources */ = {
			isa = PBXResourcesBuildPhase;
			buildActionMask = 2147483647;
			files = (
				BDD480DC24AE2B150072BFB7 /* LaunchScreen.storyboard in Resources */,
				BDD480D924AE2B150072BFB7 /* Preview Assets.xcassets in Resources */,
				BDD480D624AE2B150072BFB7 /* Assets.xcassets in Resources */,
			);
			runOnlyForDeploymentPostprocessing = 0;
		};
/* End PBXResourcesBuildPhase section */

/* Begin PBXSourcesBuildPhase section */
		BDD480C824AE2B110072BFB7 /* Sources */ = {
			isa = PBXSourcesBuildPhase;
			buildActionMask = 2147483647;
			files = (
				BDD480D024AE2B110072BFB7 /* AppDelegate.swift in Sources */,
				BDD480E424AE31B00072BFB7 /* HabitView.swift in Sources */,
				BD5D83BB24AEBD6F005E2BCA /* Habit.swift in Sources */,
				BDD480E624AE32020072BFB7 /* AddView.swift in Sources */,
				BD002E1424AFA49D006BF342 /* DeleteButton.swift in Sources */,
				BDD480D224AE2B110072BFB7 /* SceneDelegate.swift in Sources */,
				BDD480D424AE2B110072BFB7 /* ContentView.swift in Sources */,
			);
			runOnlyForDeploymentPostprocessing = 0;
		};
/* End PBXSourcesBuildPhase section */

/* Begin PBXVariantGroup section */
		BDD480DA24AE2B150072BFB7 /* LaunchScreen.storyboard */ = {
			isa = PBXVariantGroup;
			children = (
				BDD480DB24AE2B150072BFB7 /* Base */,
			);
			name = LaunchScreen.storyboard;
			sourceTree = "<group>";
		};
/* End PBXVariantGroup section */

/* Begin XCBuildConfiguration section */
		BDD480DE24AE2B150072BFB7 /* Debug */ = {
			isa = XCBuildConfiguration;
			buildSettings = {
				ALWAYS_SEARCH_USER_PATHS = NO;
				CLANG_ANALYZER_NONNULL = YES;
				CLANG_ANALYZER_NUMBER_OBJECT_CONVERSION = YES_AGGRESSIVE;
				CLANG_CXX_LANGUAGE_STANDARD = "gnu++14";
				CLANG_CXX_LIBRARY = "libc++";
				CLANG_ENABLE_MODULES = YES;
				CLANG_ENABLE_OBJC_ARC = YES;
				CLANG_ENABLE_OBJC_WEAK = YES;
				CLANG_WARN_BLOCK_CAPTURE_AUTORELEASING = YES;
				CLANG_WARN_BOOL_CONVERSION = YES;
				CLANG_WARN_COMMA = YES;
				CLANG_WARN_CONSTANT_CONVERSION = YES;
				CLANG_WARN_DEPRECATED_OBJC_IMPLEMENTATIONS = YES;
				CLANG_WARN_DIRECT_OBJC_ISA_USAGE = YES_ERROR;
				CLANG_WARN_DOCUMENTATION_COMMENTS = YES;
				CLANG_WARN_EMPTY_BODY = YES;
				CLANG_WARN_ENUM_CONVERSION = YES;
				CLANG_WARN_INFINITE_RECURSION = YES;
				CLANG_WARN_INT_CONVERSION = YES;
				CLANG_WARN_NON_LITERAL_NULL_CONVERSION = YES;
				CLANG_WARN_OBJC_IMPLICIT_RETAIN_SELF = YES;
				CLANG_WARN_OBJC_LITERAL_CONVERSION = YES;
				CLANG_WARN_OBJC_ROOT_CLASS = YES_ERROR;
				CLANG_WARN_RANGE_LOOP_ANALYSIS = YES;
				CLANG_WARN_STRICT_PROTOTYPES = YES;
				CLANG_WARN_SUSPICIOUS_MOVE = YES;
				CLANG_WARN_UNGUARDED_AVAILABILITY = YES_AGGRESSIVE;
				CLANG_WARN_UNREACHABLE_CODE = YES;
				CLANG_WARN__DUPLICATE_METHOD_MATCH = YES;
				COPY_PHASE_STRIP = NO;
				DEBUG_INFORMATION_FORMAT = dwarf;
				ENABLE_STRICT_OBJC_MSGSEND = YES;
				ENABLE_TESTABILITY = YES;
				GCC_C_LANGUAGE_STANDARD = gnu11;
				GCC_DYNAMIC_NO_PIC = NO;
				GCC_NO_COMMON_BLOCKS = YES;
				GCC_OPTIMIZATION_LEVEL = 0;
				GCC_PREPROCESSOR_DEFINITIONS = (
					"DEBUG=1",
					"$(inherited)",
				);
				GCC_WARN_64_TO_32_BIT_CONVERSION = YES;
				GCC_WARN_ABOUT_RETURN_TYPE = YES_ERROR;
				GCC_WARN_UNDECLARED_SELECTOR = YES;
				GCC_WARN_UNINITIALIZED_AUTOS = YES_AGGRESSIVE;
				GCC_WARN_UNUSED_FUNCTION = YES;
				GCC_WARN_UNUSED_VARIABLE = YES;
				IPHONEOS_DEPLOYMENT_TARGET = 13.5;
				MTL_ENABLE_DEBUG_INFO = INCLUDE_SOURCE;
				MTL_FAST_MATH = YES;
				ONLY_ACTIVE_ARCH = YES;
				SDKROOT = iphoneos;
				SWIFT_ACTIVE_COMPILATION_CONDITIONS = DEBUG;
				SWIFT_OPTIMIZATION_LEVEL = "-Onone";
			};
			name = Debug;
		};
		BDD480DF24AE2B150072BFB7 /* Release */ = {
			isa = XCBuildConfiguration;
			buildSettings = {
				ALWAYS_SEARCH_USER_PATHS = NO;
				CLANG_ANALYZER_NONNULL = YES;
				CLANG_ANALYZER_NUMBER_OBJECT_CONVERSION = YES_AGGRESSIVE;
				CLANG_CXX_LANGUAGE_STANDARD = "gnu++14";
				CLANG_CXX_LIBRARY = "libc++";
				CLANG_ENABLE_MODULES = YES;
				CLANG_ENABLE_OBJC_ARC = YES;
				CLANG_ENABLE_OBJC_WEAK = YES;
				CLANG_WARN_BLOCK_CAPTURE_AUTORELEASING = YES;
				CLANG_WARN_BOOL_CONVERSION = YES;
				CLANG_WARN_COMMA = YES;
				CLANG_WARN_CONSTANT_CONVERSION = YES;
				CLANG_WARN_DEPRECATED_OBJC_IMPLEMENTATIONS = YES;
				CLANG_WARN_DIRECT_OBJC_ISA_USAGE = YES_ERROR;
				CLANG_WARN_DOCUMENTATION_COMMENTS = YES;
				CLANG_WARN_EMPTY_BODY = YES;
				CLANG_WARN_ENUM_CONVERSION = YES;
				CLANG_WARN_INFINITE_RECURSION = YES;
				CLANG_WARN_INT_CONVERSION = YES;
				CLANG_WARN_NON_LITERAL_NULL_CONVERSION = YES;
				CLANG_WARN_OBJC_IMPLICIT_RETAIN_SELF = YES;
				CLANG_WARN_OBJC_LITERAL_CONVERSION = YES;
				CLANG_WARN_OBJC_ROOT_CLASS = YES_ERROR;
				CLANG_WARN_RANGE_LOOP_ANALYSIS = YES;
				CLANG_WARN_STRICT_PROTOTYPES = YES;
				CLANG_WARN_SUSPICIOUS_MOVE = YES;
				CLANG_WARN_UNGUARDED_AVAILABILITY = YES_AGGRESSIVE;
				CLANG_WARN_UNREACHABLE_CODE = YES;
				CLANG_WARN__DUPLICATE_METHOD_MATCH = YES;
				COPY_PHASE_STRIP = NO;
				DEBUG_INFORMATION_FORMAT = "dwarf-with-dsym";
				ENABLE_NS_ASSERTIONS = NO;
				ENABLE_STRICT_OBJC_MSGSEND = YES;
				GCC_C_LANGUAGE_STANDARD = gnu11;
				GCC_NO_COMMON_BLOCKS = YES;
				GCC_WARN_64_TO_32_BIT_CONVERSION = YES;
				GCC_WARN_ABOUT_RETURN_TYPE = YES_ERROR;
				GCC_WARN_UNDECLARED_SELECTOR = YES;
				GCC_WARN_UNINITIALIZED_AUTOS = YES_AGGRESSIVE;
				GCC_WARN_UNUSED_FUNCTION = YES;
				GCC_WARN_UNUSED_VARIABLE = YES;
				IPHONEOS_DEPLOYMENT_TARGET = 13.5;
				MTL_ENABLE_DEBUG_INFO = NO;
				MTL_FAST_MATH = YES;
				SDKROOT = iphoneos;
				SWIFT_COMPILATION_MODE = wholemodule;
				SWIFT_OPTIMIZATION_LEVEL = "-O";
				VALIDATE_PRODUCT = YES;
			};
			name = Release;
		};
		BDD480E124AE2B150072BFB7 /* Debug */ = {
			isa = XCBuildConfiguration;
			buildSettings = {
				ASSETCATALOG_COMPILER_APPICON_NAME = AppIcon;
				CODE_SIGN_STYLE = Automatic;
				DEVELOPMENT_ASSET_PATHS = "\"Habit Tracker/Preview Content\"";
				DEVELOPMENT_TEAM = 9A9373K73V;
				ENABLE_PREVIEWS = YES;
				INFOPLIST_FILE = "Habit Tracker/Info.plist";
				LD_RUNPATH_SEARCH_PATHS = (
					"$(inherited)",
					"@executable_path/Frameworks",
				);
				PRODUCT_BUNDLE_IDENTIFIER = "com.samrshi.Habit-Tracker";
				PRODUCT_NAME = "$(TARGET_NAME)";
				SWIFT_VERSION = 5.0;
				TARGETED_DEVICE_FAMILY = "1,2";
			};
			name = Debug;
		};
		BDD480E224AE2B150072BFB7 /* Release */ = {
			isa = XCBuildConfiguration;
			buildSettings = {
				ASSETCATALOG_COMPILER_APPICON_NAME = AppIcon;
				CODE_SIGN_STYLE = Automatic;
				DEVELOPMENT_ASSET_PATHS = "\"Habit Tracker/Preview Content\"";
				DEVELOPMENT_TEAM = 9A9373K73V;
				ENABLE_PREVIEWS = YES;
				INFOPLIST_FILE = "Habit Tracker/Info.plist";
				LD_RUNPATH_SEARCH_PATHS = (
					"$(inherited)",
					"@executable_path/Frameworks",
				);
				PRODUCT_BUNDLE_IDENTIFIER = "com.samrshi.Habit-Tracker";
				PRODUCT_NAME = "$(TARGET_NAME)";
				SWIFT_VERSION = 5.0;
				TARGETED_DEVICE_FAMILY = "1,2";
			};
			name = Release;
		};
/* End XCBuildConfiguration section */

/* Begin XCConfigurationList section */
		BDD480C724AE2B110072BFB7 /* Build configuration list for PBXProject "Habit Tracker" */ = {
			isa = XCConfigurationList;
			buildConfigurations = (
				BDD480DE24AE2B150072BFB7 /* Debug */,
				BDD480DF24AE2B150072BFB7 /* Release */,
			);
			defaultConfigurationIsVisible = 0;
			defaultConfigurationName = Release;
		};
		BDD480E024AE2B150072BFB7 /* Build configuration list for PBXNativeTarget "Habit Tracker" */ = {
			isa = XCConfigurationList;
			buildConfigurations = (
				BDD480E124AE2B150072BFB7 /* Debug */,
				BDD480E224AE2B150072BFB7 /* Release */,
			);
			defaultConfigurationIsVisible = 0;
			defaultConfigurationName = Release;
		};
/* End XCConfigurationList section */
	};
	rootObject = BDD480C424AE2B110072BFB7 /* Project object */;
}
