// !$*UTF8*$!
{
	archiveVersion = 1;
	classes = {
	};
	objectVersion = 50;
	objects = {

/* Begin PBXBuildFile section */
		BD4F86D424BFEED8000E1D4B /* SizeClasses.swift in Sources */ = {isa = PBXBuildFile; fileRef = BD4F86D324BFEED8000E1D4B /* SizeClasses.swift */; };
		BD4F86D624BFEF07000E1D4B /* CustomViewWithBinding.swift in Sources */ = {isa = PBXBuildFile; fileRef = BD4F86D524BFEF07000E1D4B /* CustomViewWithBinding.swift */; };
		BD4F86D824BFEF2D000E1D4B /* CoreData.swift in Sources */ = {isa = PBXBuildFile; fileRef = BD4F86D724BFEF2D000E1D4B /* CoreData.swift */; };
		BD7CE86C24BC3155003CD1CC /* AppDelegate.swift in Sources */ = {isa = PBXBuildFile; fileRef = BD7CE86B24BC3155003CD1CC /* AppDelegate.swift */; };
		BD7CE86E24BC3155003CD1CC /* SceneDelegate.swift in Sources */ = {isa = PBXBuildFile; fileRef = BD7CE86D24BC3155003CD1CC /* SceneDelegate.swift */; };
		BD7CE87124BC3155003CD1CC /* Bookworm.xcdatamodeld in Sources */ = {isa = PBXBuildFile; fileRef = BD7CE86F24BC3155003CD1CC /* Bookworm.xcdatamodeld */; };
		BD7CE87324BC3155003CD1CC /* ContentView.swift in Sources */ = {isa = PBXBuildFile; fileRef = BD7CE87224BC3155003CD1CC /* ContentView.swift */; };
		BD7CE87524BC3156003CD1CC /* Assets.xcassets in Resources */ = {isa = PBXBuildFile; fileRef = BD7CE87424BC3156003CD1CC /* Assets.xcassets */; };
		BD7CE87824BC3156003CD1CC /* Preview Assets.xcassets in Resources */ = {isa = PBXBuildFile; fileRef = BD7CE87724BC3156003CD1CC /* Preview Assets.xcassets */; };
		BD7CE87B24BC3156003CD1CC /* LaunchScreen.storyboard in Resources */ = {isa = PBXBuildFile; fileRef = BD7CE87924BC3156003CD1CC /* LaunchScreen.storyboard */; };
		BD7CE88324BC31F6003CD1CC /* EmojiRatingView.swift in Sources */ = {isa = PBXBuildFile; fileRef = BD7CE88224BC31F6003CD1CC /* EmojiRatingView.swift */; };
		BD7CE88524BC320A003CD1CC /* AddBookView.swift in Sources */ = {isa = PBXBuildFile; fileRef = BD7CE88424BC320A003CD1CC /* AddBookView.swift */; };
		BD7CE88924BC323C003CD1CC /* RatingView.swift in Sources */ = {isa = PBXBuildFile; fileRef = BD7CE88824BC323C003CD1CC /* RatingView.swift */; };
		BDC04A5C24BE49E3008C1056 /* DetailView.swift in Sources */ = {isa = PBXBuildFile; fileRef = BDC04A5B24BE49E3008C1056 /* DetailView.swift */; };
/* End PBXBuildFile section */

/* Begin PBXFileReference section */
		BD4F86D324BFEED8000E1D4B /* SizeClasses.swift */ = {isa = PBXFileReference; lastKnownFileType = sourcecode.swift; path = SizeClasses.swift; sourceTree = "<group>"; };
		BD4F86D524BFEF07000E1D4B /* CustomViewWithBinding.swift */ = {isa = PBXFileReference; lastKnownFileType = sourcecode.swift; path = CustomViewWithBinding.swift; sourceTree = "<group>"; };
		BD4F86D724BFEF2D000E1D4B /* CoreData.swift */ = {isa = PBXFileReference; lastKnownFileType = sourcecode.swift; path = CoreData.swift; sourceTree = "<group>"; };
		BD7CE86824BC3155003CD1CC /* 11-Bookworm.app */ = {isa = PBXFileReference; explicitFileType = wrapper.application; includeInIndex = 0; path = "11-Bookworm.app"; sourceTree = BUILT_PRODUCTS_DIR; };
		BD7CE86B24BC3155003CD1CC /* AppDelegate.swift */ = {isa = PBXFileReference; lastKnownFileType = sourcecode.swift; path = AppDelegate.swift; sourceTree = "<group>"; };
		BD7CE86D24BC3155003CD1CC /* SceneDelegate.swift */ = {isa = PBXFileReference; lastKnownFileType = sourcecode.swift; path = SceneDelegate.swift; sourceTree = "<group>"; };
		BD7CE87024BC3155003CD1CC /* _1_Bookworm.xcdatamodel */ = {isa = PBXFileReference; lastKnownFileType = wrapper.xcdatamodel; path = _1_Bookworm.xcdatamodel; sourceTree = "<group>"; };
		BD7CE87224BC3155003CD1CC /* ContentView.swift */ = {isa = PBXFileReference; lastKnownFileType = sourcecode.swift; path = ContentView.swift; sourceTree = "<group>"; };
		BD7CE87424BC3156003CD1CC /* Assets.xcassets */ = {isa = PBXFileReference; lastKnownFileType = folder.assetcatalog; path = Assets.xcassets; sourceTree = "<group>"; };
		BD7CE87724BC3156003CD1CC /* Preview Assets.xcassets */ = {isa = PBXFileReference; lastKnownFileType = folder.assetcatalog; path = "Preview Assets.xcassets"; sourceTree = "<group>"; };
		BD7CE87A24BC3156003CD1CC /* Base */ = {isa = PBXFileReference; lastKnownFileType = file.storyboard; name = Base; path = Base.lproj/LaunchScreen.storyboard; sourceTree = "<group>"; };
		BD7CE87C24BC3156003CD1CC /* Info.plist */ = {isa = PBXFileReference; lastKnownFileType = text.plist.xml; path = Info.plist; sourceTree = "<group>"; };
		BD7CE88224BC31F6003CD1CC /* EmojiRatingView.swift */ = {isa = PBXFileReference; lastKnownFileType = sourcecode.swift; path = EmojiRatingView.swift; sourceTree = "<group>"; };
		BD7CE88424BC320A003CD1CC /* AddBookView.swift */ = {isa = PBXFileReference; lastKnownFileType = sourcecode.swift; path = AddBookView.swift; sourceTree = "<group>"; };
		BD7CE88824BC323C003CD1CC /* RatingView.swift */ = {isa = PBXFileReference; lastKnownFileType = sourcecode.swift; path = RatingView.swift; sourceTree = "<group>"; };
		BDC04A5B24BE49E3008C1056 /* DetailView.swift */ = {isa = PBXFileReference; lastKnownFileType = sourcecode.swift; path = DetailView.swift; sourceTree = "<group>"; };
/* End PBXFileReference section */

/* Begin PBXFrameworksBuildPhase section */
		BD7CE86524BC3155003CD1CC /* Frameworks */ = {
			isa = PBXFrameworksBuildPhase;
			buildActionMask = 2147483647;
			files = (
			);
			runOnlyForDeploymentPostprocessing = 0;
		};
/* End PBXFrameworksBuildPhase section */

/* Begin PBXGroup section */
		BD4F86D224BFEEC3000E1D4B /* Introduction */ = {
			isa = PBXGroup;
			children = (
				BD4F86D324BFEED8000E1D4B /* SizeClasses.swift */,
				BD4F86D524BFEF07000E1D4B /* CustomViewWithBinding.swift */,
				BD4F86D724BFEF2D000E1D4B /* CoreData.swift */,
			);
			path = Introduction;
			sourceTree = "<group>";
		};
		BD7CE85F24BC3155003CD1CC = {
			isa = PBXGroup;
			children = (
				BD7CE86A24BC3155003CD1CC /* 11-Bookworm */,
				BD7CE86924BC3155003CD1CC /* Products */,
			);
			sourceTree = "<group>";
		};
		BD7CE86924BC3155003CD1CC /* Products */ = {
			isa = PBXGroup;
			children = (
				BD7CE86824BC3155003CD1CC /* 11-Bookworm.app */,
			);
			name = Products;
			sourceTree = "<group>";
		};
		BD7CE86A24BC3155003CD1CC /* 11-Bookworm */ = {
			isa = PBXGroup;
			children = (
				BD7CE86B24BC3155003CD1CC /* AppDelegate.swift */,
				BD7CE86D24BC3155003CD1CC /* SceneDelegate.swift */,
				BD7CE87224BC3155003CD1CC /* ContentView.swift */,
				BD7CE88224BC31F6003CD1CC /* EmojiRatingView.swift */,
				BD7CE88424BC320A003CD1CC /* AddBookView.swift */,
				BDC04A5B24BE49E3008C1056 /* DetailView.swift */,
				BD7CE88824BC323C003CD1CC /* RatingView.swift */,
				BD7CE87424BC3156003CD1CC /* Assets.xcassets */,
				BD7CE87924BC3156003CD1CC /* LaunchScreen.storyboard */,
				BD7CE87C24BC3156003CD1CC /* Info.plist */,
				BD7CE86F24BC3155003CD1CC /* Bookworm.xcdatamodeld */,
				BD4F86D224BFEEC3000E1D4B /* Introduction */,
				BD7CE87624BC3156003CD1CC /* Preview Content */,
			);
			path = "11-Bookworm";
			sourceTree = "<group>";
		};
		BD7CE87624BC3156003CD1CC /* Preview Content */ = {
			isa = PBXGroup;
			children = (
				BD7CE87724BC3156003CD1CC /* Preview Assets.xcassets */,
			);
			path = "Preview Content";
			sourceTree = "<group>";
		};
/* End PBXGroup section */

/* Begin PBXNativeTarget section */
		BD7CE86724BC3155003CD1CC /* 11-Bookworm */ = {
			isa = PBXNativeTarget;
			buildConfigurationList = BD7CE87F24BC3156003CD1CC /* Build configuration list for PBXNativeTarget "11-Bookworm" */;
			buildPhases = (
				BD7CE86424BC3155003CD1CC /* Sources */,
				BD7CE86524BC3155003CD1CC /* Frameworks */,
				BD7CE86624BC3155003CD1CC /* Resources */,
			);
			buildRules = (
			);
			dependencies = (
			);
			name = "11-Bookworm";
			productName = "11-Bookworm";
			productReference = BD7CE86824BC3155003CD1CC /* 11-Bookworm.app */;
			productType = "com.apple.product-type.application";
		};
/* End PBXNativeTarget section */

/* Begin PBXProject section */
		BD7CE86024BC3155003CD1CC /* Project object */ = {
			isa = PBXProject;
			attributes = {
				LastSwiftUpdateCheck = 1150;
				LastUpgradeCheck = 1150;
				ORGANIZATIONNAME = samrshi;
				TargetAttributes = {
					BD7CE86724BC3155003CD1CC = {
						CreatedOnToolsVersion = 11.5;
					};
				};
			};
			buildConfigurationList = BD7CE86324BC3155003CD1CC /* Build configuration list for PBXProject "11-Bookworm" */;
			compatibilityVersion = "Xcode 9.3";
			developmentRegion = en;
			hasScannedForEncodings = 0;
			knownRegions = (
				en,
				Base,
			);
			mainGroup = BD7CE85F24BC3155003CD1CC;
			productRefGroup = BD7CE86924BC3155003CD1CC /* Products */;
			projectDirPath = "";
			projectRoot = "";
			targets = (
				BD7CE86724BC3155003CD1CC /* 11-Bookworm */,
			);
		};
/* End PBXProject section */

/* Begin PBXResourcesBuildPhase section */
		BD7CE86624BC3155003CD1CC /* Resources */ = {
			isa = PBXResourcesBuildPhase;
			buildActionMask = 2147483647;
			files = (
				BD7CE87B24BC3156003CD1CC /* LaunchScreen.storyboard in Resources */,
				BD7CE87824BC3156003CD1CC /* Preview Assets.xcassets in Resources */,
				BD7CE87524BC3156003CD1CC /* Assets.xcassets in Resources */,
			);
			runOnlyForDeploymentPostprocessing = 0;
		};
/* End PBXResourcesBuildPhase section */

/* Begin PBXSourcesBuildPhase section */
		BD7CE86424BC3155003CD1CC /* Sources */ = {
			isa = PBXSourcesBuildPhase;
			buildActionMask = 2147483647;
			files = (
				BD7CE88324BC31F6003CD1CC /* EmojiRatingView.swift in Sources */,
				BDC04A5C24BE49E3008C1056 /* DetailView.swift in Sources */,
				BD7CE88524BC320A003CD1CC /* AddBookView.swift in Sources */,
				BD7CE87124BC3155003CD1CC /* Bookworm.xcdatamodeld in Sources */,
				BD4F86D824BFEF2D000E1D4B /* CoreData.swift in Sources */,
				BD7CE88924BC323C003CD1CC /* RatingView.swift in Sources */,
				BD4F86D624BFEF07000E1D4B /* CustomViewWithBinding.swift in Sources */,
				BD4F86D424BFEED8000E1D4B /* SizeClasses.swift in Sources */,
				BD7CE86C24BC3155003CD1CC /* AppDelegate.swift in Sources */,
				BD7CE87324BC3155003CD1CC /* ContentView.swift in Sources */,
				BD7CE86E24BC3155003CD1CC /* SceneDelegate.swift in Sources */,
			);
			runOnlyForDeploymentPostprocessing = 0;
		};
/* End PBXSourcesBuildPhase section */

/* Begin PBXVariantGroup section */
		BD7CE87924BC3156003CD1CC /* LaunchScreen.storyboard */ = {
			isa = PBXVariantGroup;
			children = (
				BD7CE87A24BC3156003CD1CC /* Base */,
			);
			name = LaunchScreen.storyboard;
			sourceTree = "<group>";
		};
/* End PBXVariantGroup section */

/* Begin XCBuildConfiguration section */
		BD7CE87D24BC3156003CD1CC /* Debug */ = {
			isa = XCBuildConfiguration;
			buildSettings = {
				ALWAYS_SEARCH_USER_PATHS = NO;
				CLANG_ANALYZER_NONNULL = YES;
				CLANG_ANALYZER_NUMBER_OBJECT_CONVERSION = YES_AGGRESSIVE;
				CLANG_CXX_LANGUAGE_STANDARD = "gnu++14";
				CLANG_CXX_LIBRARY = "libc++";
				CLANG_ENABLE_MODULES = YES;
				CLANG_ENABLE_OBJC_ARC = YES;
				CLANG_ENABLE_OBJC_WEAK = YES;
				CLANG_WARN_BLOCK_CAPTURE_AUTORELEASING = YES;
				CLANG_WARN_BOOL_CONVERSION = YES;
				CLANG_WARN_COMMA = YES;
				CLANG_WARN_CONSTANT_CONVERSION = YES;
				CLANG_WARN_DEPRECATED_OBJC_IMPLEMENTATIONS = YES;
				CLANG_WARN_DIRECT_OBJC_ISA_USAGE = YES_ERROR;
				CLANG_WARN_DOCUMENTATION_COMMENTS = YES;
				CLANG_WARN_EMPTY_BODY = YES;
				CLANG_WARN_ENUM_CONVERSION = YES;
				CLANG_WARN_INFINITE_RECURSION = YES;
				CLANG_WARN_INT_CONVERSION = YES;
				CLANG_WARN_NON_LITERAL_NULL_CONVERSION = YES;
				CLANG_WARN_OBJC_IMPLICIT_RETAIN_SELF = YES;
				CLANG_WARN_OBJC_LITERAL_CONVERSION = YES;
				CLANG_WARN_OBJC_ROOT_CLASS = YES_ERROR;
				CLANG_WARN_RANGE_LOOP_ANALYSIS = YES;
				CLANG_WARN_STRICT_PROTOTYPES = YES;
				CLANG_WARN_SUSPICIOUS_MOVE = YES;
				CLANG_WARN_UNGUARDED_AVAILABILITY = YES_AGGRESSIVE;
				CLANG_WARN_UNREACHABLE_CODE = YES;
				CLANG_WARN__DUPLICATE_METHOD_MATCH = YES;
				COPY_PHASE_STRIP = NO;
				DEBUG_INFORMATION_FORMAT = dwarf;
				ENABLE_STRICT_OBJC_MSGSEND = YES;
				ENABLE_TESTABILITY = YES;
				GCC_C_LANGUAGE_STANDARD = gnu11;
				GCC_DYNAMIC_NO_PIC = NO;
				GCC_NO_COMMON_BLOCKS = YES;
				GCC_OPTIMIZATION_LEVEL = 0;
				GCC_PREPROCESSOR_DEFINITIONS = (
					"DEBUG=1",
					"$(inherited)",
				);
				GCC_WARN_64_TO_32_BIT_CONVERSION = YES;
				GCC_WARN_ABOUT_RETURN_TYPE = YES_ERROR;
				GCC_WARN_UNDECLARED_SELECTOR = YES;
				GCC_WARN_UNINITIALIZED_AUTOS = YES_AGGRESSIVE;
				GCC_WARN_UNUSED_FUNCTION = YES;
				GCC_WARN_UNUSED_VARIABLE = YES;
				IPHONEOS_DEPLOYMENT_TARGET = 13.5;
				MTL_ENABLE_DEBUG_INFO = INCLUDE_SOURCE;
				MTL_FAST_MATH = YES;
				ONLY_ACTIVE_ARCH = YES;
				SDKROOT = iphoneos;
				SWIFT_ACTIVE_COMPILATION_CONDITIONS = DEBUG;
				SWIFT_OPTIMIZATION_LEVEL = "-Onone";
			};
			name = Debug;
		};
		BD7CE87E24BC3156003CD1CC /* Release */ = {
			isa = XCBuildConfiguration;
			buildSettings = {
				ALWAYS_SEARCH_USER_PATHS = NO;
				CLANG_ANALYZER_NONNULL = YES;
				CLANG_ANALYZER_NUMBER_OBJECT_CONVERSION = YES_AGGRESSIVE;
				CLANG_CXX_LANGUAGE_STANDARD = "gnu++14";
				CLANG_CXX_LIBRARY = "libc++";
				CLANG_ENABLE_MODULES = YES;
				CLANG_ENABLE_OBJC_ARC = YES;
				CLANG_ENABLE_OBJC_WEAK = YES;
				CLANG_WARN_BLOCK_CAPTURE_AUTORELEASING = YES;
				CLANG_WARN_BOOL_CONVERSION = YES;
				CLANG_WARN_COMMA = YES;
				CLANG_WARN_CONSTANT_CONVERSION = YES;
				CLANG_WARN_DEPRECATED_OBJC_IMPLEMENTATIONS = YES;
				CLANG_WARN_DIRECT_OBJC_ISA_USAGE = YES_ERROR;
				CLANG_WARN_DOCUMENTATION_COMMENTS = YES;
				CLANG_WARN_EMPTY_BODY = YES;
				CLANG_WARN_ENUM_CONVERSION = YES;
				CLANG_WARN_INFINITE_RECURSION = YES;
				CLANG_WARN_INT_CONVERSION = YES;
				CLANG_WARN_NON_LITERAL_NULL_CONVERSION = YES;
				CLANG_WARN_OBJC_IMPLICIT_RETAIN_SELF = YES;
				CLANG_WARN_OBJC_LITERAL_CONVERSION = YES;
				CLANG_WARN_OBJC_ROOT_CLASS = YES_ERROR;
				CLANG_WARN_RANGE_LOOP_ANALYSIS = YES;
				CLANG_WARN_STRICT_PROTOTYPES = YES;
				CLANG_WARN_SUSPICIOUS_MOVE = YES;
				CLANG_WARN_UNGUARDED_AVAILABILITY = YES_AGGRESSIVE;
				CLANG_WARN_UNREACHABLE_CODE = YES;
				CLANG_WARN__DUPLICATE_METHOD_MATCH = YES;
				COPY_PHASE_STRIP = NO;
				DEBUG_INFORMATION_FORMAT = "dwarf-with-dsym";
				ENABLE_NS_ASSERTIONS = NO;
				ENABLE_STRICT_OBJC_MSGSEND = YES;
				GCC_C_LANGUAGE_STANDARD = gnu11;
				GCC_NO_COMMON_BLOCKS = YES;
				GCC_WARN_64_TO_32_BIT_CONVERSION = YES;
				GCC_WARN_ABOUT_RETURN_TYPE = YES_ERROR;
				GCC_WARN_UNDECLARED_SELECTOR = YES;
				GCC_WARN_UNINITIALIZED_AUTOS = YES_AGGRESSIVE;
				GCC_WARN_UNUSED_FUNCTION = YES;
				GCC_WARN_UNUSED_VARIABLE = YES;
				IPHONEOS_DEPLOYMENT_TARGET = 13.5;
				MTL_ENABLE_DEBUG_INFO = NO;
				MTL_FAST_MATH = YES;
				SDKROOT = iphoneos;
				SWIFT_COMPILATION_MODE = wholemodule;
				SWIFT_OPTIMIZATION_LEVEL = "-O";
				VALIDATE_PRODUCT = YES;
			};
			name = Release;
		};
		BD7CE88024BC3156003CD1CC /* Debug */ = {
			isa = XCBuildConfiguration;
			buildSettings = {
				ASSETCATALOG_COMPILER_APPICON_NAME = AppIcon;
				CODE_SIGN_STYLE = Automatic;
				DEVELOPMENT_ASSET_PATHS = "\"11-Bookworm/Preview Content\"";
				DEVELOPMENT_TEAM = 9A9373K73V;
				ENABLE_PREVIEWS = YES;
				INFOPLIST_FILE = "11-Bookworm/Info.plist";
				LD_RUNPATH_SEARCH_PATHS = (
					"$(inherited)",
					"@executable_path/Frameworks",
				);
				PRODUCT_BUNDLE_IDENTIFIER = "com.samrshi.-1-Bookworm";
				PRODUCT_NAME = "$(TARGET_NAME)";
				SWIFT_VERSION = 5.0;
				TARGETED_DEVICE_FAMILY = "1,2";
			};
			name = Debug;
		};
		BD7CE88124BC3156003CD1CC /* Release */ = {
			isa = XCBuildConfiguration;
			buildSettings = {
				ASSETCATALOG_COMPILER_APPICON_NAME = AppIcon;
				CODE_SIGN_STYLE = Automatic;
				DEVELOPMENT_ASSET_PATHS = "\"11-Bookworm/Preview Content\"";
				DEVELOPMENT_TEAM = 9A9373K73V;
				ENABLE_PREVIEWS = YES;
				INFOPLIST_FILE = "11-Bookworm/Info.plist";
				LD_RUNPATH_SEARCH_PATHS = (
					"$(inherited)",
					"@executable_path/Frameworks",
				);
				PRODUCT_BUNDLE_IDENTIFIER = "com.samrshi.-1-Bookworm";
				PRODUCT_NAME = "$(TARGET_NAME)";
				SWIFT_VERSION = 5.0;
				TARGETED_DEVICE_FAMILY = "1,2";
			};
			name = Release;
		};
/* End XCBuildConfiguration section */

/* Begin XCConfigurationList section */
		BD7CE86324BC3155003CD1CC /* Build configuration list for PBXProject "11-Bookworm" */ = {
			isa = XCConfigurationList;
			buildConfigurations = (
				BD7CE87D24BC3156003CD1CC /* Debug */,
				BD7CE87E24BC3156003CD1CC /* Release */,
			);
			defaultConfigurationIsVisible = 0;
			defaultConfigurationName = Release;
		};
		BD7CE87F24BC3156003CD1CC /* Build configuration list for PBXNativeTarget "11-Bookworm" */ = {
			isa = XCConfigurationList;
			buildConfigurations = (
				BD7CE88024BC3156003CD1CC /* Debug */,
				BD7CE88124BC3156003CD1CC /* Release */,
			);
			defaultConfigurationIsVisible = 0;
			defaultConfigurationName = Release;
		};
/* End XCConfigurationList section */

/* Begin XCVersionGroup section */
		BD7CE86F24BC3155003CD1CC /* Bookworm.xcdatamodeld */ = {
			isa = XCVersionGroup;
			children = (
				BD7CE87024BC3155003CD1CC /* _1_Bookworm.xcdatamodel */,
			);
			currentVersion = BD7CE87024BC3155003CD1CC /* _1_Bookworm.xcdatamodel */;
			path = Bookworm.xcdatamodeld;
			sourceTree = "<group>";
			versionGroupType = wrapper.xcdatamodel;
		};
/* End XCVersionGroup section */
	};
	rootObject = BD7CE86024BC3155003CD1CC /* Project object */;
}
